// !$*UTF8*$!
{
	archiveVersion = 1;
	classes = {
	};
	objectVersion = 56;
	objects = {

/* Begin PBXBuildFile section */
		9F0C8C902B021324001F9EF7 /* AppDelegate.swift in Sources */ = {isa = PBXBuildFile; fileRef = 9F0C8C8F2B021324001F9EF7 /* AppDelegate.swift */; };
		9F0C8C922B021324001F9EF7 /* SceneDelegate.swift in Sources */ = {isa = PBXBuildFile; fileRef = 9F0C8C912B021324001F9EF7 /* SceneDelegate.swift */; };
		9F0C8C992B021328001F9EF7 /* Assets.xcassets in Resources */ = {isa = PBXBuildFile; fileRef = 9F0C8C982B021328001F9EF7 /* Assets.xcassets */; };
		9F0C8CA42B022204001F9EF7 /* BookData.swift in Sources */ = {isa = PBXBuildFile; fileRef = 9F0C8CA32B022204001F9EF7 /* BookData.swift */; };
		9F0C8CA72B0222D5001F9EF7 /* Alamofire in Frameworks */ = {isa = PBXBuildFile; productRef = 9F0C8CA62B0222D5001F9EF7 /* Alamofire */; };
		9F0C8CAA2B0222E0001F9EF7 /* SnapKit in Frameworks */ = {isa = PBXBuildFile; productRef = 9F0C8CA92B0222E0001F9EF7 /* SnapKit */; };
		9F0C8CAC2B0222E0001F9EF7 /* SnapKit-Dynamic in Frameworks */ = {isa = PBXBuildFile; productRef = 9F0C8CAB2B0222E0001F9EF7 /* SnapKit-Dynamic */; };
		9F0C8CAF2B022379001F9EF7 /* Kingfisher in Frameworks */ = {isa = PBXBuildFile; productRef = 9F0C8CAE2B022379001F9EF7 /* Kingfisher */; };
		9F0C8CB42B02255E001F9EF7 /* BookSearchVC.swift in Sources */ = {isa = PBXBuildFile; fileRef = 9F0C8CB32B02255E001F9EF7 /* BookSearchVC.swift */; };
		9F0C8CB62B022721001F9EF7 /* BookCell.swift in Sources */ = {isa = PBXBuildFile; fileRef = 9F0C8CB52B022721001F9EF7 /* BookCell.swift */; };
		9FCC29962B0385190068FA8D /* ResultTableView.swift in Sources */ = {isa = PBXBuildFile; fileRef = 9FCC29952B0385190068FA8D /* ResultTableView.swift */; };
		9FCC29982B038FC70068FA8D /* BookFinderDataService.swift in Sources */ = {isa = PBXBuildFile; fileRef = 9FCC29972B038FC70068FA8D /* BookFinderDataService.swift */; };
		9FCC299C2B04C26C0068FA8D /* BookDetailVC.swift in Sources */ = {isa = PBXBuildFile; fileRef = 9FCC299B2B04C26C0068FA8D /* BookDetailVC.swift */; };
		9FCC29A02B0638780068FA8D /* BookFinderViewModel.swift in Sources */ = {isa = PBXBuildFile; fileRef = 9FCC299F2B0638780068FA8D /* BookFinderViewModel.swift */; };
/* End PBXBuildFile section */

/* Begin PBXFileReference section */
		9F0C8C8C2B021324001F9EF7 /* BookFinder.app */ = {isa = PBXFileReference; explicitFileType = wrapper.application; includeInIndex = 0; path = BookFinder.app; sourceTree = BUILT_PRODUCTS_DIR; };
		9F0C8C8F2B021324001F9EF7 /* AppDelegate.swift */ = {isa = PBXFileReference; lastKnownFileType = sourcecode.swift; path = AppDelegate.swift; sourceTree = "<group>"; };
		9F0C8C912B021324001F9EF7 /* SceneDelegate.swift */ = {isa = PBXFileReference; lastKnownFileType = sourcecode.swift; path = SceneDelegate.swift; sourceTree = "<group>"; };
		9F0C8C982B021328001F9EF7 /* Assets.xcassets */ = {isa = PBXFileReference; lastKnownFileType = folder.assetcatalog; path = Assets.xcassets; sourceTree = "<group>"; };
		9F0C8C9D2B021328001F9EF7 /* Info.plist */ = {isa = PBXFileReference; lastKnownFileType = text.plist.xml; path = Info.plist; sourceTree = "<group>"; };
		9F0C8CA32B022204001F9EF7 /* BookData.swift */ = {isa = PBXFileReference; lastKnownFileType = sourcecode.swift; path = BookData.swift; sourceTree = "<group>"; };
		9F0C8CB32B02255E001F9EF7 /* BookSearchVC.swift */ = {isa = PBXFileReference; lastKnownFileType = sourcecode.swift; path = BookSearchVC.swift; sourceTree = "<group>"; };
		9F0C8CB52B022721001F9EF7 /* BookCell.swift */ = {isa = PBXFileReference; lastKnownFileType = sourcecode.swift; path = BookCell.swift; sourceTree = "<group>"; };
		9FCC29952B0385190068FA8D /* ResultTableView.swift */ = {isa = PBXFileReference; lastKnownFileType = sourcecode.swift; path = ResultTableView.swift; sourceTree = "<group>"; };
		9FCC29972B038FC70068FA8D /* BookFinderDataService.swift */ = {isa = PBXFileReference; lastKnownFileType = sourcecode.swift; path = BookFinderDataService.swift; sourceTree = "<group>"; };
		9FCC299B2B04C26C0068FA8D /* BookDetailVC.swift */ = {isa = PBXFileReference; lastKnownFileType = sourcecode.swift; path = BookDetailVC.swift; sourceTree = "<group>"; };
		9FCC299F2B0638780068FA8D /* BookFinderViewModel.swift */ = {isa = PBXFileReference; lastKnownFileType = sourcecode.swift; path = BookFinderViewModel.swift; sourceTree = "<group>"; };
/* End PBXFileReference section */

/* Begin PBXFrameworksBuildPhase section */
		9F0C8C892B021324001F9EF7 /* Frameworks */ = {
			isa = PBXFrameworksBuildPhase;
			buildActionMask = 2147483647;
			files = (
				9F0C8CAF2B022379001F9EF7 /* Kingfisher in Frameworks */,
				9F0C8CA72B0222D5001F9EF7 /* Alamofire in Frameworks */,
				9F0C8CAA2B0222E0001F9EF7 /* SnapKit in Frameworks */,
				9F0C8CAC2B0222E0001F9EF7 /* SnapKit-Dynamic in Frameworks */,
			);
			runOnlyForDeploymentPostprocessing = 0;
		};
/* End PBXFrameworksBuildPhase section */

/* Begin PBXGroup section */
		9F0C8C832B021324001F9EF7 = {
			isa = PBXGroup;
			children = (
				9F0C8C8E2B021324001F9EF7 /* BookFinder */,
				9F0C8C8D2B021324001F9EF7 /* Products */,
			);
			sourceTree = "<group>";
		};
		9F0C8C8D2B021324001F9EF7 /* Products */ = {
			isa = PBXGroup;
			children = (
				9F0C8C8C2B021324001F9EF7 /* BookFinder.app */,
			);
			name = Products;
			sourceTree = "<group>";
		};
		9F0C8C8E2B021324001F9EF7 /* BookFinder */ = {
			isa = PBXGroup;
			children = (
				9FCC299E2B0635580068FA8D /* Service */,
				9F0C8CB02B0224E7001F9EF7 /* Model */,
				9F0C8CB12B0224F5001F9EF7 /* ViewModel */,
				9F0C8CB22B022508001F9EF7 /* View */,
				9FCC29992B04C1880068FA8D /* Core */,
				9F0C8C982B021328001F9EF7 /* Assets.xcassets */,
				9F0C8C9D2B021328001F9EF7 /* Info.plist */,
			);
			path = BookFinder;
			sourceTree = "<group>";
		};
		9F0C8CB02B0224E7001F9EF7 /* Model */ = {
			isa = PBXGroup;
			children = (
				9F0C8CA32B022204001F9EF7 /* BookData.swift */,
			);
			path = Model;
			sourceTree = "<group>";
		};
		9F0C8CB12B0224F5001F9EF7 /* ViewModel */ = {
			isa = PBXGroup;
			children = (
				9FCC299F2B0638780068FA8D /* BookFinderViewModel.swift */,
			);
			path = ViewModel;
			sourceTree = "<group>";
		};
		9F0C8CB22B022508001F9EF7 /* View */ = {
			isa = PBXGroup;
			children = (
				9F0C8CB52B022721001F9EF7 /* BookCell.swift */,
				9F0C8CB32B02255E001F9EF7 /* BookSearchVC.swift */,
				9FCC299B2B04C26C0068FA8D /* BookDetailVC.swift */,
				9FCC29952B0385190068FA8D /* ResultTableView.swift */,
			);
			path = View;
			sourceTree = "<group>";
		};
		9FCC29992B04C1880068FA8D /* Core */ = {
			isa = PBXGroup;
			children = (
				9F0C8C912B021324001F9EF7 /* SceneDelegate.swift */,
				9F0C8C8F2B021324001F9EF7 /* AppDelegate.swift */,
			);
			path = Core;
			sourceTree = "<group>";
		};
		9FCC299E2B0635580068FA8D /* Service */ = {
			isa = PBXGroup;
			children = (
				9FCC29972B038FC70068FA8D /* BookFinderDataService.swift */,
			);
			path = Service;
			sourceTree = "<group>";
		};
/* End PBXGroup section */

/* Begin PBXNativeTarget section */
		9F0C8C8B2B021324001F9EF7 /* BookFinder */ = {
			isa = PBXNativeTarget;
			buildConfigurationList = 9F0C8CA02B021328001F9EF7 /* Build configuration list for PBXNativeTarget "BookFinder" */;
			buildPhases = (
				9F0C8C882B021324001F9EF7 /* Sources */,
				9F0C8C892B021324001F9EF7 /* Frameworks */,
				9F0C8C8A2B021324001F9EF7 /* Resources */,
			);
			buildRules = (
			);
			dependencies = (
			);
			name = BookFinder;
			packageProductDependencies = (
				9F0C8CA62B0222D5001F9EF7 /* Alamofire */,
				9F0C8CA92B0222E0001F9EF7 /* SnapKit */,
				9F0C8CAB2B0222E0001F9EF7 /* SnapKit-Dynamic */,
				9F0C8CAE2B022379001F9EF7 /* Kingfisher */,
			);
			productName = BookFinder;
			productReference = 9F0C8C8C2B021324001F9EF7 /* BookFinder.app */;
			productType = "com.apple.product-type.application";
		};
/* End PBXNativeTarget section */

/* Begin PBXProject section */
		9F0C8C842B021324001F9EF7 /* Project object */ = {
			isa = PBXProject;
			attributes = {
				BuildIndependentTargetsInParallel = 1;
				LastSwiftUpdateCheck = 1500;
				LastUpgradeCheck = 1500;
				TargetAttributes = {
					9F0C8C8B2B021324001F9EF7 = {
						CreatedOnToolsVersion = 15.0.1;
					};
				};
			};
			buildConfigurationList = 9F0C8C872B021324001F9EF7 /* Build configuration list for PBXProject "BookFinder" */;
			compatibilityVersion = "Xcode 14.0";
			developmentRegion = en;
			hasScannedForEncodings = 0;
			knownRegions = (
				en,
				Base,
			);
			mainGroup = 9F0C8C832B021324001F9EF7;
			packageReferences = (
				9F0C8CA52B0222D5001F9EF7 /* XCRemoteSwiftPackageReference "Alamofire" */,
				9F0C8CA82B0222E0001F9EF7 /* XCRemoteSwiftPackageReference "SnapKit" */,
				9F0C8CAD2B022379001F9EF7 /* XCRemoteSwiftPackageReference "Kingfisher" */,
			);
			productRefGroup = 9F0C8C8D2B021324001F9EF7 /* Products */;
			projectDirPath = "";
			projectRoot = "";
			targets = (
				9F0C8C8B2B021324001F9EF7 /* BookFinder */,
			);
		};
/* End PBXProject section */

/* Begin PBXResourcesBuildPhase section */
		9F0C8C8A2B021324001F9EF7 /* Resources */ = {
			isa = PBXResourcesBuildPhase;
			buildActionMask = 2147483647;
			files = (
				9F0C8C992B021328001F9EF7 /* Assets.xcassets in Resources */,
			);
			runOnlyForDeploymentPostprocessing = 0;
		};
/* End PBXResourcesBuildPhase section */

/* Begin PBXSourcesBuildPhase section */
		9F0C8C882B021324001F9EF7 /* Sources */ = {
			isa = PBXSourcesBuildPhase;
			buildActionMask = 2147483647;
			files = (
				9FCC299C2B04C26C0068FA8D /* BookDetailVC.swift in Sources */,
				9F0C8CB62B022721001F9EF7 /* BookCell.swift in Sources */,
				9FCC29982B038FC70068FA8D /* BookFinderDataService.swift in Sources */,
				9FCC29962B0385190068FA8D /* ResultTableView.swift in Sources */,
				9F0C8CB42B02255E001F9EF7 /* BookSearchVC.swift in Sources */,
				9FCC29A02B0638780068FA8D /* BookFinderViewModel.swift in Sources */,
				9F0C8C902B021324001F9EF7 /* AppDelegate.swift in Sources */,
				9F0C8CA42B022204001F9EF7 /* BookData.swift in Sources */,
				9F0C8C922B021324001F9EF7 /* SceneDelegate.swift in Sources */,
			);
			runOnlyForDeploymentPostprocessing = 0;
		};
/* End PBXSourcesBuildPhase section */

/* Begin XCBuildConfiguration section */
		9F0C8C9E2B021328001F9EF7 /* Debug */ = {
			isa = XCBuildConfiguration;
			buildSettings = {
				ALWAYS_SEARCH_USER_PATHS = NO;
				ASSETCATALOG_COMPILER_GENERATE_SWIFT_ASSET_SYMBOL_EXTENSIONS = YES;
				CLANG_ANALYZER_NONNULL = YES;
				CLANG_ANALYZER_NUMBER_OBJECT_CONVERSION = YES_AGGRESSIVE;
				CLANG_CXX_LANGUAGE_STANDARD = "gnu++20";
				CLANG_ENABLE_MODULES = YES;
				CLANG_ENABLE_OBJC_ARC = YES;
				CLANG_ENABLE_OBJC_WEAK = YES;
				CLANG_WARN_BLOCK_CAPTURE_AUTORELEASING = YES;
				CLANG_WARN_BOOL_CONVERSION = YES;
				CLANG_WARN_COMMA = YES;
				CLANG_WARN_CONSTANT_CONVERSION = YES;
				CLANG_WARN_DEPRECATED_OBJC_IMPLEMENTATIONS = YES;
				CLANG_WARN_DIRECT_OBJC_ISA_USAGE = YES_ERROR;
				CLANG_WARN_DOCUMENTATION_COMMENTS = YES;
				CLANG_WARN_EMPTY_BODY = YES;
				CLANG_WARN_ENUM_CONVERSION = YES;
				CLANG_WARN_INFINITE_RECURSION = YES;
				CLANG_WARN_INT_CONVERSION = YES;
				CLANG_WARN_NON_LITERAL_NULL_CONVERSION = YES;
				CLANG_WARN_OBJC_IMPLICIT_RETAIN_SELF = YES;
				CLANG_WARN_OBJC_LITERAL_CONVERSION = YES;
				CLANG_WARN_OBJC_ROOT_CLASS = YES_ERROR;
				CLANG_WARN_QUOTED_INCLUDE_IN_FRAMEWORK_HEADER = YES;
				CLANG_WARN_RANGE_LOOP_ANALYSIS = YES;
				CLANG_WARN_STRICT_PROTOTYPES = YES;
				CLANG_WARN_SUSPICIOUS_MOVE = YES;
				CLANG_WARN_UNGUARDED_AVAILABILITY = YES_AGGRESSIVE;
				CLANG_WARN_UNREACHABLE_CODE = YES;
				CLANG_WARN__DUPLICATE_METHOD_MATCH = YES;
				COPY_PHASE_STRIP = NO;
				DEBUG_INFORMATION_FORMAT = dwarf;
				ENABLE_STRICT_OBJC_MSGSEND = YES;
				ENABLE_TESTABILITY = YES;
				ENABLE_USER_SCRIPT_SANDBOXING = YES;
				GCC_C_LANGUAGE_STANDARD = gnu17;
				GCC_DYNAMIC_NO_PIC = NO;
				GCC_NO_COMMON_BLOCKS = YES;
				GCC_OPTIMIZATION_LEVEL = 0;
				GCC_PREPROCESSOR_DEFINITIONS = (
					"DEBUG=1",
					"$(inherited)",
				);
				GCC_WARN_64_TO_32_BIT_CONVERSION = YES;
				GCC_WARN_ABOUT_RETURN_TYPE = YES_ERROR;
				GCC_WARN_UNDECLARED_SELECTOR = YES;
				GCC_WARN_UNINITIALIZED_AUTOS = YES_AGGRESSIVE;
				GCC_WARN_UNUSED_FUNCTION = YES;
				GCC_WARN_UNUSED_VARIABLE = YES;
				IPHONEOS_DEPLOYMENT_TARGET = 17.0;
				LOCALIZATION_PREFERS_STRING_CATALOGS = YES;
				MTL_ENABLE_DEBUG_INFO = INCLUDE_SOURCE;
				MTL_FAST_MATH = YES;
				ONLY_ACTIVE_ARCH = YES;
				SDKROOT = iphoneos;
				SWIFT_ACTIVE_COMPILATION_CONDITIONS = "DEBUG $(inherited)";
				SWIFT_OPTIMIZATION_LEVEL = "-Onone";
			};
			name = Debug;
		};
		9F0C8C9F2B021328001F9EF7 /* Release */ = {
			isa = XCBuildConfiguration;
			buildSettings = {
				ALWAYS_SEARCH_USER_PATHS = NO;
				ASSETCATALOG_COMPILER_GENERATE_SWIFT_ASSET_SYMBOL_EXTENSIONS = YES;
				CLANG_ANALYZER_NONNULL = YES;
				CLANG_ANALYZER_NUMBER_OBJECT_CONVERSION = YES_AGGRESSIVE;
				CLANG_CXX_LANGUAGE_STANDARD = "gnu++20";
				CLANG_ENABLE_MODULES = YES;
				CLANG_ENABLE_OBJC_ARC = YES;
				CLANG_ENABLE_OBJC_WEAK = YES;
				CLANG_WARN_BLOCK_CAPTURE_AUTORELEASING = YES;
				CLANG_WARN_BOOL_CONVERSION = YES;
				CLANG_WARN_COMMA = YES;
				CLANG_WARN_CONSTANT_CONVERSION = YES;
				CLANG_WARN_DEPRECATED_OBJC_IMPLEMENTATIONS = YES;
				CLANG_WARN_DIRECT_OBJC_ISA_USAGE = YES_ERROR;
				CLANG_WARN_DOCUMENTATION_COMMENTS = YES;
				CLANG_WARN_EMPTY_BODY = YES;
				CLANG_WARN_ENUM_CONVERSION = YES;
				CLANG_WARN_INFINITE_RECURSION = YES;
				CLANG_WARN_INT_CONVERSION = YES;
				CLANG_WARN_NON_LITERAL_NULL_CONVERSION = YES;
				CLANG_WARN_OBJC_IMPLICIT_RETAIN_SELF = YES;
				CLANG_WARN_OBJC_LITERAL_CONVERSION = YES;
				CLANG_WARN_OBJC_ROOT_CLASS = YES_ERROR;
				CLANG_WARN_QUOTED_INCLUDE_IN_FRAMEWORK_HEADER = YES;
				CLANG_WARN_RANGE_LOOP_ANALYSIS = YES;
				CLANG_WARN_STRICT_PROTOTYPES = YES;
				CLANG_WARN_SUSPICIOUS_MOVE = YES;
				CLANG_WARN_UNGUARDED_AVAILABILITY = YES_AGGRESSIVE;
				CLANG_WARN_UNREACHABLE_CODE = YES;
				CLANG_WARN__DUPLICATE_METHOD_MATCH = YES;
				COPY_PHASE_STRIP = NO;
				DEBUG_INFORMATION_FORMAT = "dwarf-with-dsym";
				ENABLE_NS_ASSERTIONS = NO;
				ENABLE_STRICT_OBJC_MSGSEND = YES;
				ENABLE_USER_SCRIPT_SANDBOXING = YES;
				GCC_C_LANGUAGE_STANDARD = gnu17;
				GCC_NO_COMMON_BLOCKS = YES;
				GCC_WARN_64_TO_32_BIT_CONVERSION = YES;
				GCC_WARN_ABOUT_RETURN_TYPE = YES_ERROR;
				GCC_WARN_UNDECLARED_SELECTOR = YES;
				GCC_WARN_UNINITIALIZED_AUTOS = YES_AGGRESSIVE;
				GCC_WARN_UNUSED_FUNCTION = YES;
				GCC_WARN_UNUSED_VARIABLE = YES;
				IPHONEOS_DEPLOYMENT_TARGET = 17.0;
				LOCALIZATION_PREFERS_STRING_CATALOGS = YES;
				MTL_ENABLE_DEBUG_INFO = NO;
				MTL_FAST_MATH = YES;
				SDKROOT = iphoneos;
				SWIFT_COMPILATION_MODE = wholemodule;
				VALIDATE_PRODUCT = YES;
			};
			name = Release;
		};
		9F0C8CA12B021328001F9EF7 /* Debug */ = {
			isa = XCBuildConfiguration;
			buildSettings = {
				ASSETCATALOG_COMPILER_APPICON_NAME = AppIcon;
				ASSETCATALOG_COMPILER_GLOBAL_ACCENT_COLOR_NAME = AccentColor;
				CODE_SIGN_STYLE = Automatic;
				CURRENT_PROJECT_VERSION = 1;
				GENERATE_INFOPLIST_FILE = YES;
				INFOPLIST_FILE = BookFinder/Info.plist;
				INFOPLIST_KEY_LSApplicationCategoryType = "public.app-category.books";
				INFOPLIST_KEY_UIApplicationSupportsIndirectInputEvents = YES;
				INFOPLIST_KEY_UILaunchStoryboardName = "";
				INFOPLIST_KEY_UIMainStoryboardFile = "";
				INFOPLIST_KEY_UISupportedInterfaceOrientations = UIInterfaceOrientationPortrait;
				LD_RUNPATH_SEARCH_PATHS = (
					"$(inherited)",
					"@executable_path/Frameworks",
				);
				MARKETING_VERSION = 1.0;
				PRODUCT_BUNDLE_IDENTIFIER = com.gokhan.BookFinder;
				PRODUCT_NAME = "$(TARGET_NAME)";
				SUPPORTED_PLATFORMS = "iphoneos iphonesimulator";
				SUPPORTS_MACCATALYST = NO;
				SUPPORTS_MAC_DESIGNED_FOR_IPHONE_IPAD = YES;
				SWIFT_EMIT_LOC_STRINGS = YES;
				SWIFT_VERSION = 5.0;
				TARGETED_DEVICE_FAMILY = "1,2";
			};
			name = Debug;
		};
		9F0C8CA22B021328001F9EF7 /* Release */ = {
			isa = XCBuildConfiguration;
			buildSettings = {
				ASSETCATALOG_COMPILER_APPICON_NAME = AppIcon;
				ASSETCATALOG_COMPILER_GLOBAL_ACCENT_COLOR_NAME = AccentColor;
				CODE_SIGN_STYLE = Automatic;
				CURRENT_PROJECT_VERSION = 1;
				GENERATE_INFOPLIST_FILE = YES;
				INFOPLIST_FILE = BookFinder/Info.plist;
				INFOPLIST_KEY_LSApplicationCategoryType = "public.app-category.books";
				INFOPLIST_KEY_UIApplicationSupportsIndirectInputEvents = YES;
				INFOPLIST_KEY_UILaunchStoryboardName = "";
				INFOPLIST_KEY_UIMainStoryboardFile = "";
				INFOPLIST_KEY_UISupportedInterfaceOrientations = UIInterfaceOrientationPortrait;
				LD_RUNPATH_SEARCH_PATHS = (
					"$(inherited)",
					"@executable_path/Frameworks",
				);
				MARKETING_VERSION = 1.0;
				PRODUCT_BUNDLE_IDENTIFIER = com.gokhan.BookFinder;
				PRODUCT_NAME = "$(TARGET_NAME)";
				SUPPORTED_PLATFORMS = "iphoneos iphonesimulator";
				SUPPORTS_MACCATALYST = NO;
				SUPPORTS_MAC_DESIGNED_FOR_IPHONE_IPAD = YES;
				SWIFT_EMIT_LOC_STRINGS = YES;
				SWIFT_VERSION = 5.0;
				TARGETED_DEVICE_FAMILY = "1,2";
			};
			name = Release;
		};
/* End XCBuildConfiguration section */

/* Begin XCConfigurationList section */
		9F0C8C872B021324001F9EF7 /* Build configuration list for PBXProject "BookFinder" */ = {
			isa = XCConfigurationList;
			buildConfigurations = (
				9F0C8C9E2B021328001F9EF7 /* Debug */,
				9F0C8C9F2B021328001F9EF7 /* Release */,
			);
			defaultConfigurationIsVisible = 0;
			defaultConfigurationName = Release;
		};
		9F0C8CA02B021328001F9EF7 /* Build configuration list for PBXNativeTarget "BookFinder" */ = {
			isa = XCConfigurationList;
			buildConfigurations = (
				9F0C8CA12B021328001F9EF7 /* Debug */,
				9F0C8CA22B021328001F9EF7 /* Release */,
			);
			defaultConfigurationIsVisible = 0;
			defaultConfigurationName = Release;
		};
/* End XCConfigurationList section */

/* Begin XCRemoteSwiftPackageReference section */
		9F0C8CA52B0222D5001F9EF7 /* XCRemoteSwiftPackageReference "Alamofire" */ = {
			isa = XCRemoteSwiftPackageReference;
			repositoryURL = "https://github.com/Alamofire/Alamofire.git";
			requirement = {
				kind = upToNextMajorVersion;
				minimumVersion = 5.8.1;
			};
		};
		9F0C8CA82B0222E0001F9EF7 /* XCRemoteSwiftPackageReference "SnapKit" */ = {
			isa = XCRemoteSwiftPackageReference;
			repositoryURL = "https://github.com/SnapKit/SnapKit.git";
			requirement = {
				kind = upToNextMajorVersion;
				minimumVersion = 5.6.0;
			};
		};
		9F0C8CAD2B022379001F9EF7 /* XCRemoteSwiftPackageReference "Kingfisher" */ = {
			isa = XCRemoteSwiftPackageReference;
			repositoryURL = "https://github.com/onevcat/Kingfisher.git";
			requirement = {
				kind = upToNextMajorVersion;
				minimumVersion = 7.10.0;
			};
		};
/* End XCRemoteSwiftPackageReference section */

/* Begin XCSwiftPackageProductDependency section */
		9F0C8CA62B0222D5001F9EF7 /* Alamofire */ = {
			isa = XCSwiftPackageProductDependency;
			package = 9F0C8CA52B0222D5001F9EF7 /* XCRemoteSwiftPackageReference "Alamofire" */;
			productName = Alamofire;
		};
		9F0C8CA92B0222E0001F9EF7 /* SnapKit */ = {
			isa = XCSwiftPackageProductDependency;
			package = 9F0C8CA82B0222E0001F9EF7 /* XCRemoteSwiftPackageReference "SnapKit" */;
			productName = SnapKit;
		};
		9F0C8CAB2B0222E0001F9EF7 /* SnapKit-Dynamic */ = {
			isa = XCSwiftPackageProductDependency;
			package = 9F0C8CA82B0222E0001F9EF7 /* XCRemoteSwiftPackageReference "SnapKit" */;
			productName = "SnapKit-Dynamic";
		};
		9F0C8CAE2B022379001F9EF7 /* Kingfisher */ = {
			isa = XCSwiftPackageProductDependency;
			package = 9F0C8CAD2B022379001F9EF7 /* XCRemoteSwiftPackageReference "Kingfisher" */;
			productName = Kingfisher;
		};
/* End XCSwiftPackageProductDependency section */
	};
	rootObject = 9F0C8C842B021324001F9EF7 /* Project object */;
}
